
Microsoft Visual Studio Solution File, Format Version 12.00
# Visual Studio 2012
Project("{FAE04EC0-301F-11D3-BF4B-00C04F79EFBC}") = "PlayMaskEditor", "PlayMaskEditor\PlayMaskEditor.csproj", "{86C187E5-CFA5-48A1-A577-F8644209F9B2}"
EndProject
Global
	GlobalSection(SolutionConfigurationPlatforms) = preSolution
		Debug|Any CPU = Debug|Any CPU
		Release|Any CPU = Release|Any CPU
	EndGlobalSection
	GlobalSection(ProjectConfigurationPlatforms) = postSolution
		{86C187E5-CFA5-48A1-A577-F8644209F9B2}.Debug|Any CPU.ActiveCfg = Debug|Any CPU
		{86C187E5-CFA5-48A1-A577-F8644209F9B2}.Debug|Any CPU.Build.0 = Debug|Any CPU
		{86C187E5-CFA5-48A1-A577-F8644209F9B2}.Release|Any CPU.ActiveCfg = Release|Any CPU
		{86C187E5-CFA5-48A1-A577-F8644209F9B2}.Release|Any CPU.Build.0 = Release|Any CPU
	EndGlobalSection
	GlobalSection(MonoDevelopProperties) = preSolution
		StartupItem = PlayMaskEditor\PlayMaskEditor.csproj
	EndGlobalSection
EndGlobal
